PODS:
  - Capacitor (8.5.2):
    - CapacitorCordova
  - CapacitorApp (8.1.2):
    - Capacitor
  - CapacitorCommunityTextToSpeech (8.0.2):
    - Capacitor
  - CapacitorCordova (8.5.2)

DEPENDENCIES:
  - "Capacitor (from `../../../node_modules/@capacitor/ios`)"
  - "CapacitorApp (from `../../../node_modules/@capacitor/app`)"
  - "CapacitorCommunityTextToSpeech (from `../../../node_modules/@capacitor-community/text-to-speech`)"
  - "CapacitorCordova (from `../../../node_modules/@capacitor/ios`)"

EXTERNAL SOURCES:
  Capacitor:
    :path: "../../../node_modules/@capacitor/ios"
  CapacitorApp:
    :path: "../../../node_modules/@capacitor/app"
  CapacitorCommunityTextToSpeech:
    :path: "../../../node_modules/@capacitor-community/text-to-speech"
  CapacitorCordova:
    :path: "../../../node_modules/@capacitor/ios"

SPEC CHECKSUMS:
  Capacitor: 89067779e14fb7ea56af07b4817f45d1f0c2a269
  CapacitorApp: 7b7e43debe505bc61beedb83796aa1368c86078b
  CapacitorCommunityTextToSpeech: a9f7c5bcdc424197d11bb7ae3e9010b415e931b0
  CapacitorCordova: 5bec5648cbd09a176ce34ce5e7b6cdabb2c8a327

PODFILE CHECKSUM: 6adda62f4a469f790d8cd386ce84e4d2fdce3949

COCOAPODS: 1.16.2
