PODS:
  - Capacitor (8.5.2):
    - CapacitorCordova
  - CapacitorApp (8.1.2):
    - Capacitor
  - CapacitorCordova (8.5.2)

DEPENDENCIES:
  - "Capacitor (from `../../../node_modules/@capacitor/ios`)"
  - "CapacitorApp (from `../../../node_modules/@capacitor/app`)"
  - "CapacitorCordova (from `../../../node_modules/@capacitor/ios`)"

EXTERNAL SOURCES:
  Capacitor:
    :path: "../../../node_modules/@capacitor/ios"
  CapacitorApp:
    :path: "../../../node_modules/@capacitor/app"
  CapacitorCordova:
    :path: "../../../node_modules/@capacitor/ios"

SPEC CHECKSUMS:
  Capacitor: 89067779e14fb7ea56af07b4817f45d1f0c2a269
  CapacitorApp: 7b7e43debe505bc61beedb83796aa1368c86078b
  CapacitorCordova: 5bec5648cbd09a176ce34ce5e7b6cdabb2c8a327

PODFILE CHECKSUM: 86a8cc21185be248924acdcc04c72db2cab95d8d

COCOAPODS: 1.16.2
